{
    "_meta": {
        "hash": {
            "sha256": "8ee7e1160db49525d763c872aad147d09c9badafe3fb35d9e90bb73612e1905a"
        },
        "pipfile-spec": 6,
        "requires": {
            "python_version": "3.8"
        },
        "sources": [
            {
                "name": "pypi",
                "url": "https://pypi.python.org/simple",
                "verify_ssl": true
            }
        ]
    },
    "default": {
        "django": {
            "hashes": [
                "sha256:a4ad4f6f9c6a4b7af7e2deec8d0cbff28501852e5010d6c2dc695d3d1fae7ca0",
                "sha256:fa98ec9cc9bf5d72a08ebf3654a9452e761fbb8566e3f80de199cbc15477e891"
            ],
            "index": "pypi",
            "version": "==2.2.8"
        },
        "django-admin": {
            "hashes": [
                "sha256:75dd78b29a02cf80f6cd1206e407f69661147b9193755608e21aacbd06afab7b",
                "sha256:ebd6e57e7e6dc6dcda9f7f8b84fdb2e88e63f4792206ab0a4b6663a92cd5736a"
            ],
            "index": "pypi",
            "version": "==2.0.0"
        },
        "django-excel-response2": {
            "hashes": [
                "sha256:0239654e95f375e8eab37a655171bd8c8a896b9b80afa41fd05abecd2d057873",
                "sha256:a1abe97fb2773910d32ed0a222c20cd6ae8f241025a6b509a424a2b91defb7a2"
            ],
            "version": "==2.0.8"
        },
        "django-six": {
            "hashes": [
                "sha256:b05c96f5a7dbdcf9b513748df27421e8d63e586399bac80a928a29d97d78d450",
                "sha256:d307483f3591fa3b471a3724659710229ea3127e112499f2b6f7fa7faa1e27e4"
            ],
            "version": "==1.0.4"
        },
        "pytz": {
            "hashes": [
                "sha256:1c557d7d0e871de1f5ccd5833f60fb2550652da6be2693c1e02300743d21500d",
                "sha256:b02c06db6cf09c12dd25137e563b31700d3b80fcc4ad23abb7a315f2789819be"
            ],
            "version": "==2019.3"
        },
        "screen": {
            "hashes": [
                "sha256:29009e0306d005679cc43c8cd69856a046265433310c10e71920591de3c58fda",
                "sha256:aebfe90de7b8a646d4f3c2b214bd6ffa2ab12ed9d0b14c08620d9c7f7b8ee670"
            ],
            "version": "==1.0.1"
        },
        "sqlparse": {
            "hashes": [
                "sha256:40afe6b8d4b1117e7dff5504d7a8ce07d9a1b15aeeade8a2d10f130a834f8177",
                "sha256:7c3dca29c022744e95b547e867cee89f4fce4373f3549ccd8797d8eb52cdb873"
            ],
            "version": "==0.3.0"
        },
        "xlwt": {
            "hashes": [
                "sha256:a082260524678ba48a297d922cc385f58278b8aa68741596a87de01a9c628b2e",
                "sha256:c59912717a9b28f1a3c2a98fd60741014b06b043936dcecbc113eaaada156c88"
            ],
            "version": "==1.3.0"
        }
    },
    "develop": {
        "autopep8": {
            "hashes": [
                "sha256:4d8eec30cc81bc5617dbf1218201d770dc35629363547f17577c61683ccfb3ee"
            ],
            "index": "pypi",
            "version": "==1.4.4"
        },
        "pycodestyle": {
            "hashes": [
                "sha256:95a2219d12372f05704562a14ec30bc76b05a5b297b21a5dfe3f6fac3491ae56",
                "sha256:e40a936c9a450ad81df37f549d676d127b1b66000a6c500caa2b085bc0ca976c"
            ],
            "version": "==2.5.0"
        }
    }
}
